
Microsoft Visual Studio Solution File, Format Version 12.00
Project("{FAE04EC0-301F-11D3-BF4B-00C04F79EFBC}") = "BookStore", "BookStore\BookStore.csproj", "{FB0202D8-B081-47D4-8ED3-B349BF3AE542}"
EndProject
Project("{FAE04EC0-301F-11D3-BF4B-00C04F79EFBC}") = "BookStore.Core", "BookStore.Core\BookStore.Core.csproj", "{6D26076E-F5A6-4A73-A116-54842A90A4EA}"
EndProject
Global
	GlobalSection(SolutionConfigurationPlatforms) = preSolution
		Debug|Any CPU = Debug|Any CPU
		Release|Any CPU = Release|Any CPU
	EndGlobalSection
	GlobalSection(ProjectConfigurationPlatforms) = postSolution
		{FB0202D8-B081-47D4-8ED3-B349BF3AE542}.Debug|Any CPU.ActiveCfg = Debug|Any CPU
		{FB0202D8-B081-47D4-8ED3-B349BF3AE542}.Debug|Any CPU.Build.0 = Debug|Any CPU
		{FB0202D8-B081-47D4-8ED3-B349BF3AE542}.Release|Any CPU.ActiveCfg = Release|Any CPU
		{FB0202D8-B081-47D4-8ED3-B349BF3AE542}.Release|Any CPU.Build.0 = Release|Any CPU
		{6D26076E-F5A6-4A73-A116-54842A90A4EA}.Debug|Any CPU.ActiveCfg = Debug|Any CPU
		{6D26076E-F5A6-4A73-A116-54842A90A4EA}.Debug|Any CPU.Build.0 = Debug|Any CPU
		{6D26076E-F5A6-4A73-A116-54842A90A4EA}.Release|Any CPU.ActiveCfg = Release|Any CPU
		{6D26076E-F5A6-4A73-A116-54842A90A4EA}.Release|Any CPU.Build.0 = Release|Any CPU
	EndGlobalSection
EndGlobal
